
Microsoft Visual Studio Solution File, Format Version 12.00
# Visual Studio Version 17
VisualStudioVersion = 17.7.34031.279
MinimumVisualStudioVersion = 10.0.40219.1
Project("{FAE04EC0-301F-11D3-BF4B-00C04F79EFBC}") = "assignment", "assignment\assignment.csproj", "{04157BEB-2853-4E14-BAA8-4EE83655BA84}"
EndProject
Global
	GlobalSection(SolutionConfigurationPlatforms) = preSolution
		Debug|Any CPU = Debug|Any CPU
		Release|Any CPU = Release|Any CPU
	EndGlobalSection
	GlobalSection(ProjectConfigurationPlatforms) = postSolution
		{04157BEB-2853-4E14-BAA8-4EE83655BA84}.Debug|Any CPU.ActiveCfg = Debug|Any CPU
		{04157BEB-2853-4E14-BAA8-4EE83655BA84}.Debug|Any CPU.Build.0 = Debug|Any CPU
		{04157BEB-2853-4E14-BAA8-4EE83655BA84}.Release|Any CPU.ActiveCfg = Release|Any CPU
		{04157BEB-2853-4E14-BAA8-4EE83655BA84}.Release|Any CPU.Build.0 = Release|Any CPU
	EndGlobalSection
	GlobalSection(SolutionProperties) = preSolution
		HideSolutionNode = FALSE
	EndGlobalSection
	GlobalSection(ExtensibilityGlobals) = postSolution
		SolutionGuid = {42BE1156-EBCD-424A-B002-AA8E5B799B8E}
	EndGlobalSection
EndGlobal
